// !$*UTF8*$!
{
	archiveVersion = 1;
	classes = {
	};
	objectVersion = 56;
	objects = {

/* Begin PBXBuildFile section */
		8E86E23D2C1AF1EE009FE3AB /* AppDelegate.swift in Sources */ = {isa = PBXBuildFile; fileRef = 8E86E23C2C1AF1EE009FE3AB /* AppDelegate.swift */; };
		8E86E23F2C1AF1EE009FE3AB /* SceneDelegate.swift in Sources */ = {isa = PBXBuildFile; fileRef = 8E86E23E2C1AF1EE009FE3AB /* SceneDelegate.swift */; };
		8E86E2412C1AF1EE009FE3AB /* ViewController.swift in Sources */ = {isa = PBXBuildFile; fileRef = 8E86E2402C1AF1EE009FE3AB /* ViewController.swift */; };
		8E86E2462C1AF1F0009FE3AB /* Assets.xcassets in Resources */ = {isa = PBXBuildFile; fileRef = 8E86E2452C1AF1F0009FE3AB /* Assets.xcassets */; };
		8E86E2492C1AF1F0009FE3AB /* Base in Resources */ = {isa = PBXBuildFile; fileRef = 8E86E2482C1AF1F0009FE3AB /* Base */; };
		8E86E2512C1AF495009FE3AB /* .gitignore in Resources */ = {isa = PBXBuildFile; fileRef = 8E86E2502C1AF495009FE3AB /* .gitignore */; };
		8E86E2542C1B0B86009FE3AB /* Resource.swift in Sources */ = {isa = PBXBuildFile; fileRef = 8E86E2532C1B0B86009FE3AB /* Resource.swift */; };
		8E86E2582C1B0F18009FE3AB /* OnBoardView.swift in Sources */ = {isa = PBXBuildFile; fileRef = 8E86E2572C1B0F18009FE3AB /* OnBoardView.swift */; };
		8E86E25A2C1B0F22009FE3AB /* OnBoardViewController.swift in Sources */ = {isa = PBXBuildFile; fileRef = 8E86E2592C1B0F22009FE3AB /* OnBoardViewController.swift */; };
		8E86E25D2C1B0F95009FE3AB /* Kingfisher in Frameworks */ = {isa = PBXBuildFile; productRef = 8E86E25C2C1B0F95009FE3AB /* Kingfisher */; };
		8E86E2602C1B0FA0009FE3AB /* Alamofire in Frameworks */ = {isa = PBXBuildFile; productRef = 8E86E25F2C1B0FA0009FE3AB /* Alamofire */; };
		8E86E2632C1B0FAD009FE3AB /* SnapKit in Frameworks */ = {isa = PBXBuildFile; productRef = 8E86E2622C1B0FAD009FE3AB /* SnapKit */; };
		8E86E2662C1B0FB9009FE3AB /* Toast in Frameworks */ = {isa = PBXBuildFile; productRef = 8E86E2652C1B0FB9009FE3AB /* Toast */; };
		8E86E2692C1B0FCC009FE3AB /* IQKeyboardManagerSwift in Frameworks */ = {isa = PBXBuildFile; productRef = 8E86E2682C1B0FCC009FE3AB /* IQKeyboardManagerSwift */; };
		8E86E26D2C1B1506009FE3AB /* Buttons.swift in Sources */ = {isa = PBXBuildFile; fileRef = 8E86E26C2C1B1506009FE3AB /* Buttons.swift */; };
		8E86E2702C1B31F5009FE3AB /* SetProfileViewController.swift in Sources */ = {isa = PBXBuildFile; fileRef = 8E86E26F2C1B31F5009FE3AB /* SetProfileViewController.swift */; };
		8E86E2722C1B320C009FE3AB /* EditProfileViewController.swift in Sources */ = {isa = PBXBuildFile; fileRef = 8E86E2712C1B320C009FE3AB /* EditProfileViewController.swift */; };
		8E86E2742C1B3214009FE3AB /* SetEditProfileView.swift in Sources */ = {isa = PBXBuildFile; fileRef = 8E86E2732C1B3214009FE3AB /* SetEditProfileView.swift */; };
		8E86E2762C1B3315009FE3AB /* ProfileImageView.swift in Sources */ = {isa = PBXBuildFile; fileRef = 8E86E2752C1B3315009FE3AB /* ProfileImageView.swift */; };
		8E86E2792C1B64ED009FE3AB /* SetEditProfieImageViewController.swift in Sources */ = {isa = PBXBuildFile; fileRef = 8E86E2782C1B64ED009FE3AB /* SetEditProfieImageViewController.swift */; };
		8E86E27B2C1B6547009FE3AB /* SetEditProfileImageView.swift in Sources */ = {isa = PBXBuildFile; fileRef = 8E86E27A2C1B6547009FE3AB /* SetEditProfileImageView.swift */; };
		8EA107A42C1C265E00CAC8FB /* ProfileImageCell.swift in Sources */ = {isa = PBXBuildFile; fileRef = 8EA107A32C1C265E00CAC8FB /* ProfileImageCell.swift */; };
		8EA107A72C1C294100CAC8FB /* Identifier+Extension.swift in Sources */ = {isa = PBXBuildFile; fileRef = 8EA107A62C1C294100CAC8FB /* Identifier+Extension.swift */; };
		8EA107AA2C1DD96500CAC8FB /* SearchViewController.swift in Sources */ = {isa = PBXBuildFile; fileRef = 8EA107A92C1DD96500CAC8FB /* SearchViewController.swift */; };
		8EA107AC2C1DD97C00CAC8FB /* SearchView.swift in Sources */ = {isa = PBXBuildFile; fileRef = 8EA107AB2C1DD97C00CAC8FB /* SearchView.swift */; };
		8EA107B02C1EFB6C00CAC8FB /* ApiManager.swift in Sources */ = {isa = PBXBuildFile; fileRef = 8EA107AF2C1EFB6C00CAC8FB /* ApiManager.swift */; };
		8EA107B22C1EFB7A00CAC8FB /* SecureAPI.swift in Sources */ = {isa = PBXBuildFile; fileRef = 8EA107B12C1EFB7A00CAC8FB /* SecureAPI.swift */; };
/* End PBXBuildFile section */

/* Begin PBXFileReference section */
		8E86E2392C1AF1EE009FE3AB /* Shopper.app */ = {isa = PBXFileReference; explicitFileType = wrapper.application; includeInIndex = 0; path = Shopper.app; sourceTree = BUILT_PRODUCTS_DIR; };
		8E86E23C2C1AF1EE009FE3AB /* AppDelegate.swift */ = {isa = PBXFileReference; lastKnownFileType = sourcecode.swift; path = AppDelegate.swift; sourceTree = "<group>"; };
		8E86E23E2C1AF1EE009FE3AB /* SceneDelegate.swift */ = {isa = PBXFileReference; lastKnownFileType = sourcecode.swift; path = SceneDelegate.swift; sourceTree = "<group>"; };
		8E86E2402C1AF1EE009FE3AB /* ViewController.swift */ = {isa = PBXFileReference; lastKnownFileType = sourcecode.swift; path = ViewController.swift; sourceTree = "<group>"; };
		8E86E2452C1AF1F0009FE3AB /* Assets.xcassets */ = {isa = PBXFileReference; lastKnownFileType = folder.assetcatalog; path = Assets.xcassets; sourceTree = "<group>"; };
		8E86E2482C1AF1F0009FE3AB /* Base */ = {isa = PBXFileReference; lastKnownFileType = file.storyboard; name = Base; path = Base.lproj/LaunchScreen.storyboard; sourceTree = "<group>"; };
		8E86E24A2C1AF1F0009FE3AB /* Info.plist */ = {isa = PBXFileReference; lastKnownFileType = text.plist.xml; path = Info.plist; sourceTree = "<group>"; };
		8E86E2502C1AF495009FE3AB /* .gitignore */ = {isa = PBXFileReference; lastKnownFileType = text; path = .gitignore; sourceTree = "<group>"; };
		8E86E2532C1B0B86009FE3AB /* Resource.swift */ = {isa = PBXFileReference; lastKnownFileType = sourcecode.swift; path = Resource.swift; sourceTree = "<group>"; };
		8E86E2572C1B0F18009FE3AB /* OnBoardView.swift */ = {isa = PBXFileReference; lastKnownFileType = sourcecode.swift; path = OnBoardView.swift; sourceTree = "<group>"; };
		8E86E2592C1B0F22009FE3AB /* OnBoardViewController.swift */ = {isa = PBXFileReference; lastKnownFileType = sourcecode.swift; path = OnBoardViewController.swift; sourceTree = "<group>"; };
		8E86E26C2C1B1506009FE3AB /* Buttons.swift */ = {isa = PBXFileReference; lastKnownFileType = sourcecode.swift; path = Buttons.swift; sourceTree = "<group>"; };
		8E86E26F2C1B31F5009FE3AB /* SetProfileViewController.swift */ = {isa = PBXFileReference; lastKnownFileType = sourcecode.swift; path = SetProfileViewController.swift; sourceTree = "<group>"; };
		8E86E2712C1B320C009FE3AB /* EditProfileViewController.swift */ = {isa = PBXFileReference; lastKnownFileType = sourcecode.swift; path = EditProfileViewController.swift; sourceTree = "<group>"; };
		8E86E2732C1B3214009FE3AB /* SetEditProfileView.swift */ = {isa = PBXFileReference; lastKnownFileType = sourcecode.swift; path = SetEditProfileView.swift; sourceTree = "<group>"; };
		8E86E2752C1B3315009FE3AB /* ProfileImageView.swift */ = {isa = PBXFileReference; lastKnownFileType = sourcecode.swift; path = ProfileImageView.swift; sourceTree = "<group>"; };
		8E86E2782C1B64ED009FE3AB /* SetEditProfieImageViewController.swift */ = {isa = PBXFileReference; lastKnownFileType = sourcecode.swift; path = SetEditProfieImageViewController.swift; sourceTree = "<group>"; };
		8E86E27A2C1B6547009FE3AB /* SetEditProfileImageView.swift */ = {isa = PBXFileReference; lastKnownFileType = sourcecode.swift; path = SetEditProfileImageView.swift; sourceTree = "<group>"; };
		8EA107A32C1C265E00CAC8FB /* ProfileImageCell.swift */ = {isa = PBXFileReference; lastKnownFileType = sourcecode.swift; path = ProfileImageCell.swift; sourceTree = "<group>"; };
		8EA107A62C1C294100CAC8FB /* Identifier+Extension.swift */ = {isa = PBXFileReference; lastKnownFileType = sourcecode.swift; path = "Identifier+Extension.swift"; sourceTree = "<group>"; };
		8EA107A92C1DD96500CAC8FB /* SearchViewController.swift */ = {isa = PBXFileReference; lastKnownFileType = sourcecode.swift; path = SearchViewController.swift; sourceTree = "<group>"; };
		8EA107AB2C1DD97C00CAC8FB /* SearchView.swift */ = {isa = PBXFileReference; lastKnownFileType = sourcecode.swift; path = SearchView.swift; sourceTree = "<group>"; };
		8EA107AF2C1EFB6C00CAC8FB /* ApiManager.swift */ = {isa = PBXFileReference; lastKnownFileType = sourcecode.swift; path = ApiManager.swift; sourceTree = "<group>"; };
		8EA107B12C1EFB7A00CAC8FB /* SecureAPI.swift */ = {isa = PBXFileReference; lastKnownFileType = sourcecode.swift; path = SecureAPI.swift; sourceTree = "<group>"; };
/* End PBXFileReference section */

/* Begin PBXFrameworksBuildPhase section */
		8E86E2362C1AF1EE009FE3AB /* Frameworks */ = {
			isa = PBXFrameworksBuildPhase;
			buildActionMask = 2147483647;
			files = (
				8E86E2692C1B0FCC009FE3AB /* IQKeyboardManagerSwift in Frameworks */,
				8E86E2662C1B0FB9009FE3AB /* Toast in Frameworks */,
				8E86E2632C1B0FAD009FE3AB /* SnapKit in Frameworks */,
				8E86E25D2C1B0F95009FE3AB /* Kingfisher in Frameworks */,
				8E86E2602C1B0FA0009FE3AB /* Alamofire in Frameworks */,
			);
			runOnlyForDeploymentPostprocessing = 0;
		};
/* End PBXFrameworksBuildPhase section */

/* Begin PBXGroup section */
		8E86E2302C1AF1EE009FE3AB = {
			isa = PBXGroup;
			children = (
				8E86E2502C1AF495009FE3AB /* .gitignore */,
				8E86E23B2C1AF1EE009FE3AB /* Shopper */,
				8E86E23A2C1AF1EE009FE3AB /* Products */,
			);
			sourceTree = "<group>";
		};
		8E86E23A2C1AF1EE009FE3AB /* Products */ = {
			isa = PBXGroup;
			children = (
				8E86E2392C1AF1EE009FE3AB /* Shopper.app */,
			);
			name = Products;
			sourceTree = "<group>";
		};
		8E86E23B2C1AF1EE009FE3AB /* Shopper */ = {
			isa = PBXGroup;
			children = (
				8EA107AD2C1EFB2F00CAC8FB /* Model */,
				8EA107A52C1C292600CAC8FB /* Extension */,
				8E86E2552C1B0EF5009FE3AB /* UI */,
				8E86E2522C1B0B5B009FE3AB /* Resource */,
				8E86E23C2C1AF1EE009FE3AB /* AppDelegate.swift */,
				8E86E23E2C1AF1EE009FE3AB /* SceneDelegate.swift */,
				8E86E2402C1AF1EE009FE3AB /* ViewController.swift */,
				8E86E2452C1AF1F0009FE3AB /* Assets.xcassets */,
				8E86E2472C1AF1F0009FE3AB /* LaunchScreen.storyboard */,
				8E86E24A2C1AF1F0009FE3AB /* Info.plist */,
				8EA107AF2C1EFB6C00CAC8FB /* ApiManager.swift */,
				8EA107B12C1EFB7A00CAC8FB /* SecureAPI.swift */,
			);
			path = Shopper;
			sourceTree = "<group>";
		};
		8E86E2522C1B0B5B009FE3AB /* Resource */ = {
			isa = PBXGroup;
			children = (
				8E86E2532C1B0B86009FE3AB /* Resource.swift */,
			);
			path = Resource;
			sourceTree = "<group>";
		};
		8E86E2552C1B0EF5009FE3AB /* UI */ = {
			isa = PBXGroup;
			children = (
				8EA107A82C1C451200CAC8FB /* SearchScreen */,
				8E86E2772C1B64C6009FE3AB /* ProfileImageScreen */,
				8E86E26B2C1B14CD009FE3AB /* Custom */,
				8E86E2562C1B0F06009FE3AB /* OnBoardScreen */,
				8E86E26E2C1B301F009FE3AB /* ProfileScreen */,
			);
			path = UI;
			sourceTree = "<group>";
		};
		8E86E2562C1B0F06009FE3AB /* OnBoardScreen */ = {
			isa = PBXGroup;
			children = (
				8E86E2572C1B0F18009FE3AB /* OnBoardView.swift */,
				8E86E2592C1B0F22009FE3AB /* OnBoardViewController.swift */,
			);
			path = OnBoardScreen;
			sourceTree = "<group>";
		};
		8E86E26B2C1B14CD009FE3AB /* Custom */ = {
			isa = PBXGroup;
			children = (
				8E86E26C2C1B1506009FE3AB /* Buttons.swift */,
				8E86E2752C1B3315009FE3AB /* ProfileImageView.swift */,
			);
			path = Custom;
			sourceTree = "<group>";
		};
		8E86E26E2C1B301F009FE3AB /* ProfileScreen */ = {
			isa = PBXGroup;
			children = (
				8E86E26F2C1B31F5009FE3AB /* SetProfileViewController.swift */,
				8E86E2712C1B320C009FE3AB /* EditProfileViewController.swift */,
				8E86E2732C1B3214009FE3AB /* SetEditProfileView.swift */,
			);
			path = ProfileScreen;
			sourceTree = "<group>";
		};
		8E86E2772C1B64C6009FE3AB /* ProfileImageScreen */ = {
			isa = PBXGroup;
			children = (
				8E86E2782C1B64ED009FE3AB /* SetEditProfieImageViewController.swift */,
				8E86E27A2C1B6547009FE3AB /* SetEditProfileImageView.swift */,
				8EA107A32C1C265E00CAC8FB /* ProfileImageCell.swift */,
			);
			path = ProfileImageScreen;
			sourceTree = "<group>";
		};
		8EA107A52C1C292600CAC8FB /* Extension */ = {
			isa = PBXGroup;
			children = (
				8EA107A62C1C294100CAC8FB /* Identifier+Extension.swift */,
			);
			path = Extension;
			sourceTree = "<group>";
		};
		8EA107A82C1C451200CAC8FB /* SearchScreen */ = {
			isa = PBXGroup;
			children = (
				8EA107A92C1DD96500CAC8FB /* SearchViewController.swift */,
				8EA107AB2C1DD97C00CAC8FB /* SearchView.swift */,
			);
			path = SearchScreen;
			sourceTree = "<group>";
		};
		8EA107AD2C1EFB2F00CAC8FB /* Model */ = {
			isa = PBXGroup;
			children = (
			);
			path = Model;
			sourceTree = "<group>";
		};
/* End PBXGroup section */

/* Begin PBXNativeTarget section */
		8E86E2382C1AF1EE009FE3AB /* Shopper */ = {
			isa = PBXNativeTarget;
			buildConfigurationList = 8E86E24D2C1AF1F0009FE3AB /* Build configuration list for PBXNativeTarget "Shopper" */;
			buildPhases = (
				8E86E2352C1AF1EE009FE3AB /* Sources */,
				8E86E2362C1AF1EE009FE3AB /* Frameworks */,
				8E86E2372C1AF1EE009FE3AB /* Resources */,
			);
			buildRules = (
			);
			dependencies = (
			);
			name = Shopper;
			packageProductDependencies = (
				8E86E25C2C1B0F95009FE3AB /* Kingfisher */,
				8E86E25F2C1B0FA0009FE3AB /* Alamofire */,
				8E86E2622C1B0FAD009FE3AB /* SnapKit */,
				8E86E2652C1B0FB9009FE3AB /* Toast */,
				8E86E2682C1B0FCC009FE3AB /* IQKeyboardManagerSwift */,
			);
			productName = Shopper;
			productReference = 8E86E2392C1AF1EE009FE3AB /* Shopper.app */;
			productType = "com.apple.product-type.application";
		};
/* End PBXNativeTarget section */

/* Begin PBXProject section */
		8E86E2312C1AF1EE009FE3AB /* Project object */ = {
			isa = PBXProject;
			attributes = {
				BuildIndependentTargetsInParallel = 1;
				LastSwiftUpdateCheck = 1540;
				LastUpgradeCheck = 1540;
				TargetAttributes = {
					8E86E2382C1AF1EE009FE3AB = {
						CreatedOnToolsVersion = 15.4;
					};
				};
			};
			buildConfigurationList = 8E86E2342C1AF1EE009FE3AB /* Build configuration list for PBXProject "Shopper" */;
			compatibilityVersion = "Xcode 14.0";
			developmentRegion = en;
			hasScannedForEncodings = 0;
			knownRegions = (
				en,
				Base,
			);
			mainGroup = 8E86E2302C1AF1EE009FE3AB;
			packageReferences = (
				8E86E25B2C1B0F95009FE3AB /* XCRemoteSwiftPackageReference "Kingfisher" */,
				8E86E25E2C1B0FA0009FE3AB /* XCRemoteSwiftPackageReference "Alamofire" */,
				8E86E2612C1B0FAD009FE3AB /* XCRemoteSwiftPackageReference "SnapKit" */,
				8E86E2642C1B0FB9009FE3AB /* XCRemoteSwiftPackageReference "Toast-Swift" */,
				8E86E2672C1B0FCC009FE3AB /* XCRemoteSwiftPackageReference "IQKeyboardManager" */,
			);
			productRefGroup = 8E86E23A2C1AF1EE009FE3AB /* Products */;
			projectDirPath = "";
			projectRoot = "";
			targets = (
				8E86E2382C1AF1EE009FE3AB /* Shopper */,
			);
		};
/* End PBXProject section */

/* Begin PBXResourcesBuildPhase section */
		8E86E2372C1AF1EE009FE3AB /* Resources */ = {
			isa = PBXResourcesBuildPhase;
			buildActionMask = 2147483647;
			files = (
				8E86E2462C1AF1F0009FE3AB /* Assets.xcassets in Resources */,
				8E86E2512C1AF495009FE3AB /* .gitignore in Resources */,
				8E86E2492C1AF1F0009FE3AB /* Base in Resources */,
			);
			runOnlyForDeploymentPostprocessing = 0;
		};
/* End PBXResourcesBuildPhase section */

/* Begin PBXSourcesBuildPhase section */
		8E86E2352C1AF1EE009FE3AB /* Sources */ = {
			isa = PBXSourcesBuildPhase;
			buildActionMask = 2147483647;
			files = (
				8E86E2412C1AF1EE009FE3AB /* ViewController.swift in Sources */,
				8E86E2582C1B0F18009FE3AB /* OnBoardView.swift in Sources */,
				8E86E2742C1B3214009FE3AB /* SetEditProfileView.swift in Sources */,
				8E86E27B2C1B6547009FE3AB /* SetEditProfileImageView.swift in Sources */,
				8E86E2542C1B0B86009FE3AB /* Resource.swift in Sources */,
				8EA107A42C1C265E00CAC8FB /* ProfileImageCell.swift in Sources */,
				8EA107AC2C1DD97C00CAC8FB /* SearchView.swift in Sources */,
				8EA107A72C1C294100CAC8FB /* Identifier+Extension.swift in Sources */,
				8E86E23D2C1AF1EE009FE3AB /* AppDelegate.swift in Sources */,
				8E86E2762C1B3315009FE3AB /* ProfileImageView.swift in Sources */,
				8EA107B02C1EFB6C00CAC8FB /* ApiManager.swift in Sources */,
				8E86E26D2C1B1506009FE3AB /* Buttons.swift in Sources */,
				8EA107AA2C1DD96500CAC8FB /* SearchViewController.swift in Sources */,
				8E86E2702C1B31F5009FE3AB /* SetProfileViewController.swift in Sources */,
				8E86E2792C1B64ED009FE3AB /* SetEditProfieImageViewController.swift in Sources */,
				8E86E25A2C1B0F22009FE3AB /* OnBoardViewController.swift in Sources */,
				8EA107B22C1EFB7A00CAC8FB /* SecureAPI.swift in Sources */,
				8E86E23F2C1AF1EE009FE3AB /* SceneDelegate.swift in Sources */,
				8E86E2722C1B320C009FE3AB /* EditProfileViewController.swift in Sources */,
			);
			runOnlyForDeploymentPostprocessing = 0;
		};
/* End PBXSourcesBuildPhase section */

/* Begin PBXVariantGroup section */
		8E86E2472C1AF1F0009FE3AB /* LaunchScreen.storyboard */ = {
			isa = PBXVariantGroup;
			children = (
				8E86E2482C1AF1F0009FE3AB /* Base */,
			);
			name = LaunchScreen.storyboard;
			sourceTree = "<group>";
		};
/* End PBXVariantGroup section */

/* Begin XCBuildConfiguration section */
		8E86E24B2C1AF1F0009FE3AB /* Debug */ = {
			isa = XCBuildConfiguration;
			buildSettings = {
				ALWAYS_SEARCH_USER_PATHS = NO;
				ASSETCATALOG_COMPILER_GENERATE_SWIFT_ASSET_SYMBOL_EXTENSIONS = YES;
				CLANG_ANALYZER_NONNULL = YES;
				CLANG_ANALYZER_NUMBER_OBJECT_CONVERSION = YES_AGGRESSIVE;
				CLANG_CXX_LANGUAGE_STANDARD = "gnu++20";
				CLANG_ENABLE_MODULES = YES;
				CLANG_ENABLE_OBJC_ARC = YES;
				CLANG_ENABLE_OBJC_WEAK = YES;
				CLANG_WARN_BLOCK_CAPTURE_AUTORELEASING = YES;
				CLANG_WARN_BOOL_CONVERSION = YES;
				CLANG_WARN_COMMA = YES;
				CLANG_WARN_CONSTANT_CONVERSION = YES;
				CLANG_WARN_DEPRECATED_OBJC_IMPLEMENTATIONS = YES;
				CLANG_WARN_DIRECT_OBJC_ISA_USAGE = YES_ERROR;
				CLANG_WARN_DOCUMENTATION_COMMENTS = YES;
				CLANG_WARN_EMPTY_BODY = YES;
				CLANG_WARN_ENUM_CONVERSION = YES;
				CLANG_WARN_INFINITE_RECURSION = YES;
				CLANG_WARN_INT_CONVERSION = YES;
				CLANG_WARN_NON_LITERAL_NULL_CONVERSION = YES;
				CLANG_WARN_OBJC_IMPLICIT_RETAIN_SELF = YES;
				CLANG_WARN_OBJC_LITERAL_CONVERSION = YES;
				CLANG_WARN_OBJC_ROOT_CLASS = YES_ERROR;
				CLANG_WARN_QUOTED_INCLUDE_IN_FRAMEWORK_HEADER = YES;
				CLANG_WARN_RANGE_LOOP_ANALYSIS = YES;
				CLANG_WARN_STRICT_PROTOTYPES = YES;
				CLANG_WARN_SUSPICIOUS_MOVE = YES;
				CLANG_WARN_UNGUARDED_AVAILABILITY = YES_AGGRESSIVE;
				CLANG_WARN_UNREACHABLE_CODE = YES;
				CLANG_WARN__DUPLICATE_METHOD_MATCH = YES;
				COPY_PHASE_STRIP = NO;
				DEBUG_INFORMATION_FORMAT = dwarf;
				ENABLE_STRICT_OBJC_MSGSEND = YES;
				ENABLE_TESTABILITY = YES;
				ENABLE_USER_SCRIPT_SANDBOXING = YES;
				GCC_C_LANGUAGE_STANDARD = gnu17;
				GCC_DYNAMIC_NO_PIC = NO;
				GCC_NO_COMMON_BLOCKS = YES;
				GCC_OPTIMIZATION_LEVEL = 0;
				GCC_PREPROCESSOR_DEFINITIONS = (
					"DEBUG=1",
					"$(inherited)",
				);
				GCC_WARN_64_TO_32_BIT_CONVERSION = YES;
				GCC_WARN_ABOUT_RETURN_TYPE = YES_ERROR;
				GCC_WARN_UNDECLARED_SELECTOR = YES;
				GCC_WARN_UNINITIALIZED_AUTOS = YES_AGGRESSIVE;
				GCC_WARN_UNUSED_FUNCTION = YES;
				GCC_WARN_UNUSED_VARIABLE = YES;
				IPHONEOS_DEPLOYMENT_TARGET = 17.5;
				LOCALIZATION_PREFERS_STRING_CATALOGS = YES;
				MTL_ENABLE_DEBUG_INFO = INCLUDE_SOURCE;
				MTL_FAST_MATH = YES;
				ONLY_ACTIVE_ARCH = YES;
				SDKROOT = iphoneos;
				SWIFT_ACTIVE_COMPILATION_CONDITIONS = "DEBUG $(inherited)";
				SWIFT_OPTIMIZATION_LEVEL = "-Onone";
			};
			name = Debug;
		};
		8E86E24C2C1AF1F0009FE3AB /* Release */ = {
			isa = XCBuildConfiguration;
			buildSettings = {
				ALWAYS_SEARCH_USER_PATHS = NO;
				ASSETCATALOG_COMPILER_GENERATE_SWIFT_ASSET_SYMBOL_EXTENSIONS = YES;
				CLANG_ANALYZER_NONNULL = YES;
				CLANG_ANALYZER_NUMBER_OBJECT_CONVERSION = YES_AGGRESSIVE;
				CLANG_CXX_LANGUAGE_STANDARD = "gnu++20";
				CLANG_ENABLE_MODULES = YES;
				CLANG_ENABLE_OBJC_ARC = YES;
				CLANG_ENABLE_OBJC_WEAK = YES;
				CLANG_WARN_BLOCK_CAPTURE_AUTORELEASING = YES;
				CLANG_WARN_BOOL_CONVERSION = YES;
				CLANG_WARN_COMMA = YES;
				CLANG_WARN_CONSTANT_CONVERSION = YES;
				CLANG_WARN_DEPRECATED_OBJC_IMPLEMENTATIONS = YES;
				CLANG_WARN_DIRECT_OBJC_ISA_USAGE = YES_ERROR;
				CLANG_WARN_DOCUMENTATION_COMMENTS = YES;
				CLANG_WARN_EMPTY_BODY = YES;
				CLANG_WARN_ENUM_CONVERSION = YES;
				CLANG_WARN_INFINITE_RECURSION = YES;
				CLANG_WARN_INT_CONVERSION = YES;
				CLANG_WARN_NON_LITERAL_NULL_CONVERSION = YES;
				CLANG_WARN_OBJC_IMPLICIT_RETAIN_SELF = YES;
				CLANG_WARN_OBJC_LITERAL_CONVERSION = YES;
				CLANG_WARN_OBJC_ROOT_CLASS = YES_ERROR;
				CLANG_WARN_QUOTED_INCLUDE_IN_FRAMEWORK_HEADER = YES;
				CLANG_WARN_RANGE_LOOP_ANALYSIS = YES;
				CLANG_WARN_STRICT_PROTOTYPES = YES;
				CLANG_WARN_SUSPICIOUS_MOVE = YES;
				CLANG_WARN_UNGUARDED_AVAILABILITY = YES_AGGRESSIVE;
				CLANG_WARN_UNREACHABLE_CODE = YES;
				CLANG_WARN__DUPLICATE_METHOD_MATCH = YES;
				COPY_PHASE_STRIP = NO;
				DEBUG_INFORMATION_FORMAT = "dwarf-with-dsym";
				ENABLE_NS_ASSERTIONS = NO;
				ENABLE_STRICT_OBJC_MSGSEND = YES;
				ENABLE_USER_SCRIPT_SANDBOXING = YES;
				GCC_C_LANGUAGE_STANDARD = gnu17;
				GCC_NO_COMMON_BLOCKS = YES;
				GCC_WARN_64_TO_32_BIT_CONVERSION = YES;
				GCC_WARN_ABOUT_RETURN_TYPE = YES_ERROR;
				GCC_WARN_UNDECLARED_SELECTOR = YES;
				GCC_WARN_UNINITIALIZED_AUTOS = YES_AGGRESSIVE;
				GCC_WARN_UNUSED_FUNCTION = YES;
				GCC_WARN_UNUSED_VARIABLE = YES;
				IPHONEOS_DEPLOYMENT_TARGET = 17.5;
				LOCALIZATION_PREFERS_STRING_CATALOGS = YES;
				MTL_ENABLE_DEBUG_INFO = NO;
				MTL_FAST_MATH = YES;
				SDKROOT = iphoneos;
				SWIFT_COMPILATION_MODE = wholemodule;
				VALIDATE_PRODUCT = YES;
			};
			name = Release;
		};
		8E86E24E2C1AF1F0009FE3AB /* Debug */ = {
			isa = XCBuildConfiguration;
			buildSettings = {
				ASSETCATALOG_COMPILER_APPICON_NAME = AppIcon;
				ASSETCATALOG_COMPILER_GLOBAL_ACCENT_COLOR_NAME = AccentColor;
				CODE_SIGN_STYLE = Automatic;
				CURRENT_PROJECT_VERSION = 1;
				DEVELOPMENT_TEAM = FPYJAG45SA;
				GENERATE_INFOPLIST_FILE = YES;
				INFOPLIST_FILE = Shopper/Info.plist;
				INFOPLIST_KEY_CFBundleDisplayName = Shopper;
				INFOPLIST_KEY_UIApplicationSupportsIndirectInputEvents = YES;
				INFOPLIST_KEY_UILaunchStoryboardName = LaunchScreen;
				INFOPLIST_KEY_UISupportedInterfaceOrientations = UIInterfaceOrientationPortrait;
				INFOPLIST_KEY_UISupportedInterfaceOrientations_iPad = UIInterfaceOrientationPortrait;
				IPHONEOS_DEPLOYMENT_TARGET = 15.0;
				LD_RUNPATH_SEARCH_PATHS = (
					"$(inherited)",
					"@executable_path/Frameworks",
				);
				MARKETING_VERSION = 1.0;
				PRODUCT_BUNDLE_IDENTIFIER = com.saengle.Shopper;
				PRODUCT_NAME = "$(TARGET_NAME)";
				SUPPORTED_PLATFORMS = "iphoneos iphonesimulator";
				SUPPORTS_MACCATALYST = NO;
				SUPPORTS_MAC_DESIGNED_FOR_IPHONE_IPAD = NO;
				SUPPORTS_XR_DESIGNED_FOR_IPHONE_IPAD = NO;
				SWIFT_EMIT_LOC_STRINGS = YES;
				SWIFT_VERSION = 5.0;
				TARGETED_DEVICE_FAMILY = 1;
			};
			name = Debug;
		};
		8E86E24F2C1AF1F0009FE3AB /* Release */ = {
			isa = XCBuildConfiguration;
			buildSettings = {
				ASSETCATALOG_COMPILER_APPICON_NAME = AppIcon;
				ASSETCATALOG_COMPILER_GLOBAL_ACCENT_COLOR_NAME = AccentColor;
				CODE_SIGN_STYLE = Automatic;
				CURRENT_PROJECT_VERSION = 1;
				DEVELOPMENT_TEAM = FPYJAG45SA;
				GENERATE_INFOPLIST_FILE = YES;
				INFOPLIST_FILE = Shopper/Info.plist;
				INFOPLIST_KEY_CFBundleDisplayName = Shopper;
				INFOPLIST_KEY_UIApplicationSupportsIndirectInputEvents = YES;
				INFOPLIST_KEY_UILaunchStoryboardName = LaunchScreen;
				INFOPLIST_KEY_UISupportedInterfaceOrientations = UIInterfaceOrientationPortrait;
				INFOPLIST_KEY_UISupportedInterfaceOrientations_iPad = UIInterfaceOrientationPortrait;
				IPHONEOS_DEPLOYMENT_TARGET = 15.0;
				LD_RUNPATH_SEARCH_PATHS = (
					"$(inherited)",
					"@executable_path/Frameworks",
				);
				MARKETING_VERSION = 1.0;
				PRODUCT_BUNDLE_IDENTIFIER = com.saengle.Shopper;
				PRODUCT_NAME = "$(TARGET_NAME)";
				SUPPORTED_PLATFORMS = "iphoneos iphonesimulator";
				SUPPORTS_MACCATALYST = NO;
				SUPPORTS_MAC_DESIGNED_FOR_IPHONE_IPAD = NO;
				SUPPORTS_XR_DESIGNED_FOR_IPHONE_IPAD = NO;
				SWIFT_EMIT_LOC_STRINGS = YES;
				SWIFT_VERSION = 5.0;
				TARGETED_DEVICE_FAMILY = 1;
			};
			name = Release;
		};
/* End XCBuildConfiguration section */

/* Begin XCConfigurationList section */
		8E86E2342C1AF1EE009FE3AB /* Build configuration list for PBXProject "Shopper" */ = {
			isa = XCConfigurationList;
			buildConfigurations = (
				8E86E24B2C1AF1F0009FE3AB /* Debug */,
				8E86E24C2C1AF1F0009FE3AB /* Release */,
			);
			defaultConfigurationIsVisible = 0;
			defaultConfigurationName = Release;
		};
		8E86E24D2C1AF1F0009FE3AB /* Build configuration list for PBXNativeTarget "Shopper" */ = {
			isa = XCConfigurationList;
			buildConfigurations = (
				8E86E24E2C1AF1F0009FE3AB /* Debug */,
				8E86E24F2C1AF1F0009FE3AB /* Release */,
			);
			defaultConfigurationIsVisible = 0;
			defaultConfigurationName = Release;
		};
/* End XCConfigurationList section */

/* Begin XCRemoteSwiftPackageReference section */
		8E86E25B2C1B0F95009FE3AB /* XCRemoteSwiftPackageReference "Kingfisher" */ = {
			isa = XCRemoteSwiftPackageReference;
			repositoryURL = "https://github.com/onevcat/Kingfisher";
			requirement = {
				kind = upToNextMajorVersion;
				minimumVersion = 7.12.0;
			};
		};
		8E86E25E2C1B0FA0009FE3AB /* XCRemoteSwiftPackageReference "Alamofire" */ = {
			isa = XCRemoteSwiftPackageReference;
			repositoryURL = "https://github.com/Alamofire/Alamofire";
			requirement = {
				kind = upToNextMajorVersion;
				minimumVersion = 5.9.1;
			};
		};
		8E86E2612C1B0FAD009FE3AB /* XCRemoteSwiftPackageReference "SnapKit" */ = {
			isa = XCRemoteSwiftPackageReference;
			repositoryURL = "https://github.com/SnapKit/SnapKit";
			requirement = {
				kind = upToNextMajorVersion;
				minimumVersion = 5.7.1;
			};
		};
		8E86E2642C1B0FB9009FE3AB /* XCRemoteSwiftPackageReference "Toast-Swift" */ = {
			isa = XCRemoteSwiftPackageReference;
			repositoryURL = "https://github.com/scalessec/Toast-Swift";
			requirement = {
				kind = upToNextMajorVersion;
				minimumVersion = 5.1.1;
			};
		};
		8E86E2672C1B0FCC009FE3AB /* XCRemoteSwiftPackageReference "IQKeyboardManager" */ = {
			isa = XCRemoteSwiftPackageReference;
			repositoryURL = "https://github.com/hackiftekhar/IQKeyboardManager";
			requirement = {
				kind = upToNextMajorVersion;
				minimumVersion = 7.0.3;
			};
		};
/* End XCRemoteSwiftPackageReference section */

/* Begin XCSwiftPackageProductDependency section */
		8E86E25C2C1B0F95009FE3AB /* Kingfisher */ = {
			isa = XCSwiftPackageProductDependency;
			package = 8E86E25B2C1B0F95009FE3AB /* XCRemoteSwiftPackageReference "Kingfisher" */;
			productName = Kingfisher;
		};
		8E86E25F2C1B0FA0009FE3AB /* Alamofire */ = {
			isa = XCSwiftPackageProductDependency;
			package = 8E86E25E2C1B0FA0009FE3AB /* XCRemoteSwiftPackageReference "Alamofire" */;
			productName = Alamofire;
		};
		8E86E2622C1B0FAD009FE3AB /* SnapKit */ = {
			isa = XCSwiftPackageProductDependency;
			package = 8E86E2612C1B0FAD009FE3AB /* XCRemoteSwiftPackageReference "SnapKit" */;
			productName = SnapKit;
		};
		8E86E2652C1B0FB9009FE3AB /* Toast */ = {
			isa = XCSwiftPackageProductDependency;
			package = 8E86E2642C1B0FB9009FE3AB /* XCRemoteSwiftPackageReference "Toast-Swift" */;
			productName = Toast;
		};
		8E86E2682C1B0FCC009FE3AB /* IQKeyboardManagerSwift */ = {
			isa = XCSwiftPackageProductDependency;
			package = 8E86E2672C1B0FCC009FE3AB /* XCRemoteSwiftPackageReference "IQKeyboardManager" */;
			productName = IQKeyboardManagerSwift;
		};
/* End XCSwiftPackageProductDependency section */
	};
	rootObject = 8E86E2312C1AF1EE009FE3AB /* Project object */;
}
